
Microsoft Visual Studio Solution File, Format Version 12.00
# Visual Studio 15
VisualStudioVersion = 15.0.26228.13
MinimumVisualStudioVersion = 10.0.40219.1
Project("{2150E333-8FDC-42A3-9474-1A3956D46DE8}") = "v4.5.1", "v4.5.1", "{B03B6948-EA38-4878-8DDB-1AB712AFC66F}"
EndProject
Project("{2150E333-8FDC-42A3-9474-1A3956D46DE8}") = "v4.0", "v4.0", "{57953F38-3A5F-4140-9926-0D97D45BEE4F}"
EndProject
Project("{2150E333-8FDC-42A3-9474-1A3956D46DE8}") = "v4.5.2", "v4.5.2", "{4F6D782F-C8F2-48DB-BA41-70F9C8995FFD}"
EndProject
Project("{FAE04EC0-301F-11D3-BF4B-00C04F79EFBC}") = "Recaptcha.Web.4.5.2", "Recaptcha.Web.4.5.2\Recaptcha.Web.4.5.2.csproj", "{C287CA4E-F944-4B7C-BA1C-8480636BEA1B}"
EndProject
Project("{FAE04EC0-301F-11D3-BF4B-00C04F79EFBC}") = "Recaptcha.Web.4.0", "Recaptcha.Web.4.0\Recaptcha.Web.4.0.csproj", "{9DD4627A-D93E-49B8-82BE-285803D1846B}"
EndProject
Project("{FAE04EC0-301F-11D3-BF4B-00C04F79EFBC}") = "Recaptcha.Web.4.5.1", "Recaptcha.Web.4.5.1\Recaptcha.Web.4.5.1.csproj", "{62CB8C5C-0142-4E17-B57B-485A1423DBF3}"
EndProject
Global
	GlobalSection(SolutionConfigurationPlatforms) = preSolution
		Debug|Any CPU = Debug|Any CPU
		Release|Any CPU = Release|Any CPU
	EndGlobalSection
	GlobalSection(ProjectConfigurationPlatforms) = postSolution
		{C287CA4E-F944-4B7C-BA1C-8480636BEA1B}.Debug|Any CPU.ActiveCfg = Debug|Any CPU
		{C287CA4E-F944-4B7C-BA1C-8480636BEA1B}.Debug|Any CPU.Build.0 = Debug|Any CPU
		{C287CA4E-F944-4B7C-BA1C-8480636BEA1B}.Release|Any CPU.ActiveCfg = Release|Any CPU
		{C287CA4E-F944-4B7C-BA1C-8480636BEA1B}.Release|Any CPU.Build.0 = Release|Any CPU
		{9DD4627A-D93E-49B8-82BE-285803D1846B}.Debug|Any CPU.ActiveCfg = Debug|Any CPU
		{9DD4627A-D93E-49B8-82BE-285803D1846B}.Debug|Any CPU.Build.0 = Debug|Any CPU
		{9DD4627A-D93E-49B8-82BE-285803D1846B}.Release|Any CPU.ActiveCfg = Release|Any CPU
		{9DD4627A-D93E-49B8-82BE-285803D1846B}.Release|Any CPU.Build.0 = Release|Any CPU
		{62CB8C5C-0142-4E17-B57B-485A1423DBF3}.Debug|Any CPU.ActiveCfg = Debug|Any CPU
		{62CB8C5C-0142-4E17-B57B-485A1423DBF3}.Debug|Any CPU.Build.0 = Debug|Any CPU
		{62CB8C5C-0142-4E17-B57B-485A1423DBF3}.Release|Any CPU.ActiveCfg = Release|Any CPU
		{62CB8C5C-0142-4E17-B57B-485A1423DBF3}.Release|Any CPU.Build.0 = Release|Any CPU
	EndGlobalSection
	GlobalSection(SolutionProperties) = preSolution
		HideSolutionNode = FALSE
	EndGlobalSection
	GlobalSection(NestedProjects) = preSolution
		{C287CA4E-F944-4B7C-BA1C-8480636BEA1B} = {4F6D782F-C8F2-48DB-BA41-70F9C8995FFD}
		{9DD4627A-D93E-49B8-82BE-285803D1846B} = {57953F38-3A5F-4140-9926-0D97D45BEE4F}
		{62CB8C5C-0142-4E17-B57B-485A1423DBF3} = {B03B6948-EA38-4878-8DDB-1AB712AFC66F}
	EndGlobalSection
EndGlobal
